
Microsoft Visual Studio Solution File, Format Version 12.00
# Visual Studio Version 17
VisualStudioVersion = 17.3.32929.385
MinimumVisualStudioVersion = 10.0.40219.1
Project("{FAE04EC0-301F-11D3-BF4B-00C04F79EFBC}") = "WPF_API_NBP_GOLD", "WPF_API_NBP_GOLD.csproj", "{472E64EB-5D01-4862-89FA-8A3206FB2088}"
EndProject
Global
	GlobalSection(SolutionConfigurationPlatforms) = preSolution
		Debug|Any CPU = Debug|Any CPU
		Release|Any CPU = Release|Any CPU
	EndGlobalSection
	GlobalSection(ProjectConfigurationPlatforms) = postSolution
		{472E64EB-5D01-4862-89FA-8A3206FB2088}.Debug|Any CPU.ActiveCfg = Debug|Any CPU
		{472E64EB-5D01-4862-89FA-8A3206FB2088}.Debug|Any CPU.Build.0 = Debug|Any CPU
		{472E64EB-5D01-4862-89FA-8A3206FB2088}.Release|Any CPU.ActiveCfg = Release|Any CPU
		{472E64EB-5D01-4862-89FA-8A3206FB2088}.Release|Any CPU.Build.0 = Release|Any CPU
	EndGlobalSection
	GlobalSection(SolutionProperties) = preSolution
		HideSolutionNode = FALSE
	EndGlobalSection
	GlobalSection(ExtensibilityGlobals) = postSolution
		SolutionGuid = {EC882C9A-6E2A-457E-B8B2-230DCCEFA5F3}
	EndGlobalSection
EndGlobal
